// !$*UTF8*$!
{
	archiveVersion = 1;
	classes = {
	};
	objectVersion = 54;
	objects = {

/* Begin PBXBuildFile section */
		1E0919FC2EA047D200154A1B /* forest.mov in Resources */ = {isa = PBXBuildFile; fileRef = 1E7AC7CE2E356FD7000AD93D /* forest.mov */; };
		1E35544C2EB550B500603EEA /* FeedParser.swift in Sources */ = {isa = PBXBuildFile; fileRef = 1E9AC3072EA3D8DF00C41F8D /* FeedParser.swift */; };
		1E35544E2EB55BCC00603EEA /* LaunchScreen.storyboard in Resources */ = {isa = PBXBuildFile; fileRef = 1E35544D2EB55BCC00603EEA /* LaunchScreen.storyboard */; platformFilter = ios; };
		1E4CB20D268CC77900015282 /* TOtL_iOS_UITest.swift in Sources */ = {isa = PBXBuildFile; fileRef = 1E4CB20C268CC77900015282 /* TOtL_iOS_UITest.swift */; };
		1E4CB234268CDC6D00015282 /* TOtL_iOS_test.swift in Sources */ = {isa = PBXBuildFile; fileRef = 1E4CB233268CDC6D00015282 /* TOtL_iOS_test.swift */; };
		1E5C6CB32ECDDF8E00AD3FD8 /* Credits.rtf in Resources */ = {isa = PBXBuildFile; fileRef = 1E5C6CB22ECDDF8E00AD3FD8 /* Credits.rtf */; };
		1E655F9B2EA2E1CE007F2F39 /* DaringInfantileDachshund.mp4 in Resources */ = {isa = PBXBuildFile; fileRef = 1E7D1A15267283A600FECE52 /* DaringInfantileDachshund.mp4 */; };
		1E70CA3226726F380064A939 /* SafariWebExtensionHandler.swift in Sources */ = {isa = PBXBuildFile; fileRef = 1E70C9F226726F380064A939 /* SafariWebExtensionHandler.swift */; };
		1E70CA3326726F380064A939 /* SafariWebExtensionHandler.swift in Sources */ = {isa = PBXBuildFile; fileRef = 1E70C9F226726F380064A939 /* SafariWebExtensionHandler.swift */; };
		1E7AC6C62E34E345000AD93D /* AppIcon.icon in Resources */ = {isa = PBXBuildFile; fileRef = 1E11F43D2E2909CD0051E9E2 /* AppIcon.icon */; };
		1E7AC7672E34FFD4000AD93D /* StefanLinks.swift in Sources */ = {isa = PBXBuildFile; fileRef = 1EC7D05C2CECFC6000819365 /* StefanLinks.swift */; };
		1E7AC7C32E35047B000AD93D /* Assets.xcassets in Resources */ = {isa = PBXBuildFile; fileRef = 1E70C9F026726F380064A939 /* Assets.xcassets */; };
		1E7AC7CB2E35652D000AD93D /* StefanFunctions.swift in Sources */ = {isa = PBXBuildFile; fileRef = 1E7AC7C92E35652D000AD93D /* StefanFunctions.swift */; };
		1E7AC7D12E356FD7000AD93D /* forest.mov in Resources */ = {isa = PBXBuildFile; fileRef = 1E7AC7CE2E356FD7000AD93D /* forest.mov */; };
		1E9AC2E12EA3C56100C41F8D /* Turn Off the Lights for Safari Extension.appex in Embed Foundation Extensions */ = {isa = PBXBuildFile; fileRef = 1E70CA1626726F380064A939 /* Turn Off the Lights for Safari Extension.appex */; settings = {ATTRIBUTES = (RemoveHeadersOnCopy, ); }; };
		1E9AC2E72EA3C58D00C41F8D /* Turn Off the Lights for Safari Extension.appex in Embed Foundation Extensions */ = {isa = PBXBuildFile; fileRef = 1E70CA2026726F380064A939 /* Turn Off the Lights for Safari Extension.appex */; settings = {ATTRIBUTES = (RemoveHeadersOnCopy, ); }; };
		1E9AC2EB2EA3CBAB00C41F8D /* Localizable.xcstrings in Resources */ = {isa = PBXBuildFile; fileRef = 1E014E222DCB8C64002C83CB /* Localizable.xcstrings */; };
		1E9AC2EC2EA3CBAB00C41F8D /* Localizable.xcstrings in Resources */ = {isa = PBXBuildFile; fileRef = 1E014E222DCB8C64002C83CB /* Localizable.xcstrings */; };
		1E9AC2FB2EA3D8CF00C41F8D /* ContentView.swift in Sources */ = {isa = PBXBuildFile; fileRef = 1E9AC2F02EA3D8CF00C41F8D /* ContentView.swift */; };
		1E9AC2FC2EA3D8CF00C41F8D /* NewsView.swift in Sources */ = {isa = PBXBuildFile; fileRef = 1E9AC2F42EA3D8CF00C41F8D /* NewsView.swift */; };
		1E9AC2FD2EA3D8CF00C41F8D /* LicensesView.swift in Sources */ = {isa = PBXBuildFile; fileRef = 1E9AC2F32EA3D8CF00C41F8D /* LicensesView.swift */; };
		1E9AC3012EA3D8CF00C41F8D /* OtherAppsView.swift in Sources */ = {isa = PBXBuildFile; fileRef = 1E9AC2F52EA3D8CF00C41F8D /* OtherAppsView.swift */; };
		1E9AC3022EA3D8CF00C41F8D /* AboutView.swift in Sources */ = {isa = PBXBuildFile; fileRef = 1E9AC2EF2EA3D8CF00C41F8D /* AboutView.swift */; };
		1E9AC3032EA3D8CF00C41F8D /* Turn_Off_the_Lights_for_Safari_macOSApp.swift in Sources */ = {isa = PBXBuildFile; fileRef = 1E9AC2F82EA3D8CF00C41F8D /* Turn_Off_the_Lights_for_Safari_macOSApp.swift */; };
		1E9AC3042EA3D8CF00C41F8D /* EnableView.swift in Sources */ = {isa = PBXBuildFile; fileRef = 1E9AC2F12EA3D8CF00C41F8D /* EnableView.swift */; };
		1E9AC3052EA3D8CF00C41F8D /* VideosView.swift in Sources */ = {isa = PBXBuildFile; fileRef = 1E9AC2F92EA3D8CF00C41F8D /* VideosView.swift */; };
		1E9AC3122EA3D8DF00C41F8D /* HomeView.swift in Sources */ = {isa = PBXBuildFile; fileRef = 1E9AC30A2EA3D8DF00C41F8D /* HomeView.swift */; };
		1E9AC3132EA3D8DF00C41F8D /* Turn_Off_the_LightsApp.swift in Sources */ = {isa = PBXBuildFile; fileRef = 1E9AC30F2EA3D8DF00C41F8D /* Turn_Off_the_LightsApp.swift */; };
		1E9AC3142EA3D8DF00C41F8D /* NewsView.swift in Sources */ = {isa = PBXBuildFile; fileRef = 1E9AC30D2EA3D8DF00C41F8D /* NewsView.swift */; };
		1E9AC3152EA3D8DF00C41F8D /* HelpView.swift in Sources */ = {isa = PBXBuildFile; fileRef = 1E9AC3092EA3D8DF00C41F8D /* HelpView.swift */; };
		1E9AC3162EA3D8DF00C41F8D /* NetworkMonitor.swift in Sources */ = {isa = PBXBuildFile; fileRef = 1E9AC30C2EA3D8DF00C41F8D /* NetworkMonitor.swift */; };
		1E9AC3172EA3D8DF00C41F8D /* LicensesView.swift in Sources */ = {isa = PBXBuildFile; fileRef = 1E9AC30B2EA3D8DF00C41F8D /* LicensesView.swift */; };
		1E9AC3182EA3D8DF00C41F8D /* OtherAppsView.swift in Sources */ = {isa = PBXBuildFile; fileRef = 1E9AC30E2EA3D8DF00C41F8D /* OtherAppsView.swift */; };
		1E9AC3192EA3D8DF00C41F8D /* FeedParser.swift in Sources */ = {isa = PBXBuildFile; fileRef = 1E9AC3072EA3D8DF00C41F8D /* FeedParser.swift */; };
		1E9AC31A2EA3D8DF00C41F8D /* VideosView.swift in Sources */ = {isa = PBXBuildFile; fileRef = 1E9AC3102EA3D8DF00C41F8D /* VideosView.swift */; };
		1E9AC31B2EA3D8DF00C41F8D /* GuideView.swift in Sources */ = {isa = PBXBuildFile; fileRef = 1E9AC3082EA3D8DF00C41F8D /* GuideView.swift */; };
		1E9AC31C2EA3D8DF00C41F8D /* ContentView.swift in Sources */ = {isa = PBXBuildFile; fileRef = 1E9AC3062EA3D8DF00C41F8D /* ContentView.swift */; };
		1E9C58672E941D620018DFB0 /* AppIcon.icon in Resources */ = {isa = PBXBuildFile; fileRef = 1E11F43D2E2909CD0051E9E2 /* AppIcon.icon */; };
		1EBC1ECC2E9549E10073BBFD /* StefanFunctions.swift in Sources */ = {isa = PBXBuildFile; fileRef = 1E7AC7C92E35652D000AD93D /* StefanFunctions.swift */; };
		1EBC202B2E95B62D0073BBFD /* Assets.xcassets in Resources */ = {isa = PBXBuildFile; fileRef = 1E70C9F026726F380064A939 /* Assets.xcassets */; };
		1ED4B7BD2CE5E6A00077FA3B /* palette.html in Resources */ = {isa = PBXBuildFile; fileRef = 1ED4B7B32CE5E69F0077FA3B /* palette.html */; };
		1ED4B7BE2CE5E6A00077FA3B /* manifest.json in Resources */ = {isa = PBXBuildFile; fileRef = 1ED4B7B42CE5E6A00077FA3B /* manifest.json */; };
		1ED4B7BF2CE5E6A00077FA3B /* popup.html in Resources */ = {isa = PBXBuildFile; fileRef = 1ED4B7B52CE5E6A00077FA3B /* popup.html */; };
		1ED4B7C02CE5E6A00077FA3B /* scripts in Resources */ = {isa = PBXBuildFile; fileRef = 1ED4B7B62CE5E6A00077FA3B /* scripts */; };
		1ED4B7C12CE5E6A00077FA3B /* options.html in Resources */ = {isa = PBXBuildFile; fileRef = 1ED4B7B72CE5E6A00077FA3B /* options.html */; };
		1ED4B7C22CE5E6A00077FA3B /* LICENSE in Resources */ = {isa = PBXBuildFile; fileRef = 1ED4B7B82CE5E6A00077FA3B /* LICENSE */; };
		1ED4B7C32CE5E6A00077FA3B /* styles in Resources */ = {isa = PBXBuildFile; fileRef = 1ED4B7B92CE5E6A00077FA3B /* styles */; };
		1ED4B7C42CE5E6A00077FA3B /* images in Resources */ = {isa = PBXBuildFile; fileRef = 1ED4B7BA2CE5E6A00077FA3B /* images */; };
		1ED4B7C52CE5E6A00077FA3B /* schema.json in Resources */ = {isa = PBXBuildFile; fileRef = 1ED4B7BB2CE5E6A00077FA3B /* schema.json */; };
		1ED4B7C62CE5E6A00077FA3B /* _locales in Resources */ = {isa = PBXBuildFile; fileRef = 1ED4B7BC2CE5E6A00077FA3B /* _locales */; };
		1ED4B7C82CE5E6F30077FA3B /* _locales in Resources */ = {isa = PBXBuildFile; fileRef = 1ED4B7BC2CE5E6A00077FA3B /* _locales */; };
		1ED4B7C92CE5E6F30077FA3B /* images in Resources */ = {isa = PBXBuildFile; fileRef = 1ED4B7BA2CE5E6A00077FA3B /* images */; };
		1ED4B7CA2CE5E6F30077FA3B /* LICENSE in Resources */ = {isa = PBXBuildFile; fileRef = 1ED4B7B82CE5E6A00077FA3B /* LICENSE */; };
		1ED4B7CB2CE5E6F30077FA3B /* manifest.json in Resources */ = {isa = PBXBuildFile; fileRef = 1ED4B7B42CE5E6A00077FA3B /* manifest.json */; };
		1ED4B7CC2CE5E6F30077FA3B /* options.html in Resources */ = {isa = PBXBuildFile; fileRef = 1ED4B7B72CE5E6A00077FA3B /* options.html */; };
		1ED4B7CD2CE5E6F30077FA3B /* palette.html in Resources */ = {isa = PBXBuildFile; fileRef = 1ED4B7B32CE5E69F0077FA3B /* palette.html */; };
		1ED4B7CE2CE5E6F30077FA3B /* popup.html in Resources */ = {isa = PBXBuildFile; fileRef = 1ED4B7B52CE5E6A00077FA3B /* popup.html */; };
		1ED4B7CF2CE5E6F30077FA3B /* schema.json in Resources */ = {isa = PBXBuildFile; fileRef = 1ED4B7BB2CE5E6A00077FA3B /* schema.json */; };
		1ED4B7D02CE5E6F30077FA3B /* scripts in Resources */ = {isa = PBXBuildFile; fileRef = 1ED4B7B62CE5E6A00077FA3B /* scripts */; };
		1ED4B7D12CE5E6F30077FA3B /* styles in Resources */ = {isa = PBXBuildFile; fileRef = 1ED4B7B92CE5E6A00077FA3B /* styles */; };
		1ED6EFFA2E944A1E00D14A70 /* StefanLinks.swift in Sources */ = {isa = PBXBuildFile; fileRef = 1EC7D05C2CECFC6000819365 /* StefanLinks.swift */; };
/* End PBXBuildFile section */

/* Begin PBXContainerItemProxy section */
		1E9AC2E22EA3C56100C41F8D /* PBXContainerItemProxy */ = {
			isa = PBXContainerItemProxy;
			containerPortal = 1E70C9E426726F350064A939 /* Project object */;
			proxyType = 1;
			remoteGlobalIDString = 1E70CA1526726F380064A939;
			remoteInfo = "Turn Off the Lights for Safari Extension (iOS)";
		};
		1E9AC2E52EA3C57600C41F8D /* PBXContainerItemProxy */ = {
			isa = PBXContainerItemProxy;
			containerPortal = 1E70C9E426726F350064A939 /* Project object */;
			proxyType = 1;
			remoteGlobalIDString = 1E70CA1526726F380064A939;
			remoteInfo = "Turn Off the Lights for Safari Extension (iOS)";
		};
		1E9AC2E82EA3C58D00C41F8D /* PBXContainerItemProxy */ = {
			isa = PBXContainerItemProxy;
			containerPortal = 1E70C9E426726F350064A939 /* Project object */;
			proxyType = 1;
			remoteGlobalIDString = 1E70CA1F26726F380064A939;
			remoteInfo = "Turn Off the Lights for Safari Extension (macOS)";
		};
/* End PBXContainerItemProxy section */

/* Begin PBXCopyFilesBuildPhase section */
		1E9AC2E42EA3C56100C41F8D /* Embed Foundation Extensions */ = {
			isa = PBXCopyFilesBuildPhase;
			buildActionMask = 2147483647;
			dstPath = "";
			dstSubfolderSpec = 13;
			files = (
				1E9AC2E12EA3C56100C41F8D /* Turn Off the Lights for Safari Extension.appex in Embed Foundation Extensions */,
			);
			name = "Embed Foundation Extensions";
			runOnlyForDeploymentPostprocessing = 0;
		};
		1E9AC2EA2EA3C58D00C41F8D /* Embed Foundation Extensions */ = {
			isa = PBXCopyFilesBuildPhase;
			buildActionMask = 2147483647;
			dstPath = "";
			dstSubfolderSpec = 13;
			files = (
				1E9AC2E72EA3C58D00C41F8D /* Turn Off the Lights for Safari Extension.appex in Embed Foundation Extensions */,
			);
			name = "Embed Foundation Extensions";
			runOnlyForDeploymentPostprocessing = 0;
		};
/* End PBXCopyFilesBuildPhase section */

/* Begin PBXFileReference section */
		1E014E222DCB8C64002C83CB /* Localizable.xcstrings */ = {isa = PBXFileReference; lastKnownFileType = text.json.xcstrings; path = Localizable.xcstrings; sourceTree = "<group>"; };
		1E11F43D2E2909CD0051E9E2 /* AppIcon.icon */ = {isa = PBXFileReference; lastKnownFileType = folder.iconcomposer.icon; path = AppIcon.icon; sourceTree = "<group>"; };
		1E35544D2EB55BCC00603EEA /* LaunchScreen.storyboard */ = {isa = PBXFileReference; lastKnownFileType = file.storyboard; path = LaunchScreen.storyboard; sourceTree = "<group>"; };
		1E4CB20A268CC77900015282 /* TOtL-iOS-UITest.xctest */ = {isa = PBXFileReference; explicitFileType = wrapper.cfbundle; includeInIndex = 0; path = "TOtL-iOS-UITest.xctest"; sourceTree = BUILT_PRODUCTS_DIR; };
		1E4CB20C268CC77900015282 /* TOtL_iOS_UITest.swift */ = {isa = PBXFileReference; lastKnownFileType = sourcecode.swift; path = TOtL_iOS_UITest.swift; sourceTree = "<group>"; };
		1E4CB231268CDC6D00015282 /* TOtL-iOS-test.xctest */ = {isa = PBXFileReference; explicitFileType = wrapper.cfbundle; includeInIndex = 0; path = "TOtL-iOS-test.xctest"; sourceTree = BUILT_PRODUCTS_DIR; };
		1E4CB233268CDC6D00015282 /* TOtL_iOS_test.swift */ = {isa = PBXFileReference; lastKnownFileType = sourcecode.swift; path = TOtL_iOS_test.swift; sourceTree = "<group>"; };
		1E5C6CB02ECDDF4C00AD3FD8 /* Info.plist */ = {isa = PBXFileReference; lastKnownFileType = text.plist.xml; path = Info.plist; sourceTree = "<group>"; };
		1E5C6CB12ECDDF6A00AD3FD8 /* Info.plist */ = {isa = PBXFileReference; lastKnownFileType = text.plist.xml; path = Info.plist; sourceTree = "<group>"; };
		1E5C6CB22ECDDF8E00AD3FD8 /* Credits.rtf */ = {isa = PBXFileReference; lastKnownFileType = text.rtf; path = Credits.rtf; sourceTree = "<group>"; };
		1E6B0EA22CE5453B0064407B /* Config.xcconfig */ = {isa = PBXFileReference; lastKnownFileType = text.xcconfig; path = Config.xcconfig; sourceTree = "<group>"; };
		1E70C9F026726F380064A939 /* Assets.xcassets */ = {isa = PBXFileReference; lastKnownFileType = folder.assetcatalog; path = Assets.xcassets; sourceTree = "<group>"; };
		1E70C9F226726F380064A939 /* SafariWebExtensionHandler.swift */ = {isa = PBXFileReference; lastKnownFileType = sourcecode.swift; path = SafariWebExtensionHandler.swift; sourceTree = "<group>"; };
		1E70CA1626726F380064A939 /* Turn Off the Lights for Safari Extension.appex */ = {isa = PBXFileReference; explicitFileType = "wrapper.app-extension"; includeInIndex = 0; path = "Turn Off the Lights for Safari Extension.appex"; sourceTree = BUILT_PRODUCTS_DIR; };
		1E70CA1B26726F380064A939 /* Info.plist */ = {isa = PBXFileReference; lastKnownFileType = text.plist.xml; path = Info.plist; sourceTree = "<group>"; };
		1E70CA2026726F380064A939 /* Turn Off the Lights for Safari Extension.appex */ = {isa = PBXFileReference; explicitFileType = "wrapper.app-extension"; includeInIndex = 0; path = "Turn Off the Lights for Safari Extension.appex"; sourceTree = BUILT_PRODUCTS_DIR; };
		1E70CA2526726F380064A939 /* Info.plist */ = {isa = PBXFileReference; lastKnownFileType = text.plist.xml; path = Info.plist; sourceTree = "<group>"; };
		1E7AC6BB2E34E103000AD93D /* Turn Off the Lights for Safari iOS.app */ = {isa = PBXFileReference; explicitFileType = wrapper.application; includeInIndex = 0; path = "Turn Off the Lights for Safari iOS.app"; sourceTree = BUILT_PRODUCTS_DIR; };
		1E7AC7C92E35652D000AD93D /* StefanFunctions.swift */ = {isa = PBXFileReference; lastKnownFileType = sourcecode.swift; path = StefanFunctions.swift; sourceTree = "<group>"; };
		1E7AC7CE2E356FD7000AD93D /* forest.mov */ = {isa = PBXFileReference; lastKnownFileType = video.quicktime; path = forest.mov; sourceTree = "<group>"; };
		1E7D1A15267283A600FECE52 /* DaringInfantileDachshund.mp4 */ = {isa = PBXFileReference; lastKnownFileType = file; path = DaringInfantileDachshund.mp4; sourceTree = "<group>"; };
		1E9AC2EF2EA3D8CF00C41F8D /* AboutView.swift */ = {isa = PBXFileReference; lastKnownFileType = sourcecode.swift; path = AboutView.swift; sourceTree = "<group>"; };
		1E9AC2F02EA3D8CF00C41F8D /* ContentView.swift */ = {isa = PBXFileReference; lastKnownFileType = sourcecode.swift; path = ContentView.swift; sourceTree = "<group>"; };
		1E9AC2F12EA3D8CF00C41F8D /* EnableView.swift */ = {isa = PBXFileReference; lastKnownFileType = sourcecode.swift; path = EnableView.swift; sourceTree = "<group>"; };
		1E9AC2F32EA3D8CF00C41F8D /* LicensesView.swift */ = {isa = PBXFileReference; lastKnownFileType = sourcecode.swift; path = LicensesView.swift; sourceTree = "<group>"; };
		1E9AC2F42EA3D8CF00C41F8D /* NewsView.swift */ = {isa = PBXFileReference; lastKnownFileType = sourcecode.swift; path = NewsView.swift; sourceTree = "<group>"; };
		1E9AC2F52EA3D8CF00C41F8D /* OtherAppsView.swift */ = {isa = PBXFileReference; lastKnownFileType = sourcecode.swift; path = OtherAppsView.swift; sourceTree = "<group>"; };
		1E9AC2F82EA3D8CF00C41F8D /* Turn_Off_the_Lights_for_Safari_macOSApp.swift */ = {isa = PBXFileReference; lastKnownFileType = sourcecode.swift; path = Turn_Off_the_Lights_for_Safari_macOSApp.swift; sourceTree = "<group>"; };
		1E9AC2F92EA3D8CF00C41F8D /* VideosView.swift */ = {isa = PBXFileReference; lastKnownFileType = sourcecode.swift; path = VideosView.swift; sourceTree = "<group>"; };
		1E9AC3062EA3D8DF00C41F8D /* ContentView.swift */ = {isa = PBXFileReference; lastKnownFileType = sourcecode.swift; path = ContentView.swift; sourceTree = "<group>"; };
		1E9AC3072EA3D8DF00C41F8D /* FeedParser.swift */ = {isa = PBXFileReference; lastKnownFileType = sourcecode.swift; path = FeedParser.swift; sourceTree = "<group>"; };
		1E9AC3082EA3D8DF00C41F8D /* GuideView.swift */ = {isa = PBXFileReference; lastKnownFileType = sourcecode.swift; path = GuideView.swift; sourceTree = "<group>"; };
		1E9AC3092EA3D8DF00C41F8D /* HelpView.swift */ = {isa = PBXFileReference; lastKnownFileType = sourcecode.swift; path = HelpView.swift; sourceTree = "<group>"; };
		1E9AC30A2EA3D8DF00C41F8D /* HomeView.swift */ = {isa = PBXFileReference; lastKnownFileType = sourcecode.swift; path = HomeView.swift; sourceTree = "<group>"; };
		1E9AC30B2EA3D8DF00C41F8D /* LicensesView.swift */ = {isa = PBXFileReference; lastKnownFileType = sourcecode.swift; path = LicensesView.swift; sourceTree = "<group>"; };
		1E9AC30C2EA3D8DF00C41F8D /* NetworkMonitor.swift */ = {isa = PBXFileReference; lastKnownFileType = sourcecode.swift; path = NetworkMonitor.swift; sourceTree = "<group>"; };
		1E9AC30D2EA3D8DF00C41F8D /* NewsView.swift */ = {isa = PBXFileReference; lastKnownFileType = sourcecode.swift; path = NewsView.swift; sourceTree = "<group>"; };
		1E9AC30E2EA3D8DF00C41F8D /* OtherAppsView.swift */ = {isa = PBXFileReference; lastKnownFileType = sourcecode.swift; path = OtherAppsView.swift; sourceTree = "<group>"; };
		1E9AC30F2EA3D8DF00C41F8D /* Turn_Off_the_LightsApp.swift */ = {isa = PBXFileReference; lastKnownFileType = sourcecode.swift; path = Turn_Off_the_LightsApp.swift; sourceTree = "<group>"; };
		1E9AC3102EA3D8DF00C41F8D /* VideosView.swift */ = {isa = PBXFileReference; lastKnownFileType = sourcecode.swift; path = VideosView.swift; sourceTree = "<group>"; };
		1E9C58582E9419730018DFB0 /* Turn Off the Lights for Safari.app */ = {isa = PBXFileReference; explicitFileType = wrapper.application; includeInIndex = 0; path = "Turn Off the Lights for Safari.app"; sourceTree = BUILT_PRODUCTS_DIR; };
		1EC7D05C2CECFC6000819365 /* StefanLinks.swift */ = {isa = PBXFileReference; lastKnownFileType = sourcecode.swift; path = StefanLinks.swift; sourceTree = "<group>"; };
		1ED4B7B32CE5E69F0077FA3B /* palette.html */ = {isa = PBXFileReference; lastKnownFileType = text.html; path = palette.html; sourceTree = "<group>"; };
		1ED4B7B42CE5E6A00077FA3B /* manifest.json */ = {isa = PBXFileReference; lastKnownFileType = text.json; path = manifest.json; sourceTree = "<group>"; };
		1ED4B7B52CE5E6A00077FA3B /* popup.html */ = {isa = PBXFileReference; lastKnownFileType = text.html; path = popup.html; sourceTree = "<group>"; };
		1ED4B7B62CE5E6A00077FA3B /* scripts */ = {isa = PBXFileReference; lastKnownFileType = folder; path = scripts; sourceTree = "<group>"; };
		1ED4B7B72CE5E6A00077FA3B /* options.html */ = {isa = PBXFileReference; lastKnownFileType = text.html; path = options.html; sourceTree = "<group>"; };
		1ED4B7B82CE5E6A00077FA3B /* LICENSE */ = {isa = PBXFileReference; lastKnownFileType = text; path = LICENSE; sourceTree = "<group>"; };
		1ED4B7B92CE5E6A00077FA3B /* styles */ = {isa = PBXFileReference; lastKnownFileType = folder; path = styles; sourceTree = "<group>"; };
		1ED4B7BA2CE5E6A00077FA3B /* images */ = {isa = PBXFileReference; lastKnownFileType = folder; path = images; sourceTree = "<group>"; };
		1ED4B7BB2CE5E6A00077FA3B /* schema.json */ = {isa = PBXFileReference; lastKnownFileType = text.json; path = schema.json; sourceTree = "<group>"; };
		1ED4B7BC2CE5E6A00077FA3B /* _locales */ = {isa = PBXFileReference; lastKnownFileType = folder; path = _locales; sourceTree = "<group>"; };
/* End PBXFileReference section */

/* Begin PBXFrameworksBuildPhase section */
		1E4CB207268CC77900015282 /* Frameworks */ = {
			isa = PBXFrameworksBuildPhase;
			buildActionMask = 2147483647;
			files = (
			);
			runOnlyForDeploymentPostprocessing = 0;
		};
		1E4CB22E268CDC6D00015282 /* Frameworks */ = {
			isa = PBXFrameworksBuildPhase;
			buildActionMask = 2147483647;
			files = (
			);
			runOnlyForDeploymentPostprocessing = 0;
		};
		1E70CA1326726F380064A939 /* Frameworks */ = {
			isa = PBXFrameworksBuildPhase;
			buildActionMask = 2147483647;
			files = (
			);
			runOnlyForDeploymentPostprocessing = 0;
		};
		1E70CA1D26726F380064A939 /* Frameworks */ = {
			isa = PBXFrameworksBuildPhase;
			buildActionMask = 2147483647;
			files = (
			);
			runOnlyForDeploymentPostprocessing = 0;
		};
		1E7AC6B82E34E103000AD93D /* Frameworks */ = {
			isa = PBXFrameworksBuildPhase;
			buildActionMask = 2147483647;
			files = (
			);
			runOnlyForDeploymentPostprocessing = 0;
		};
		1E9C58552E9419730018DFB0 /* Frameworks */ = {
			isa = PBXFrameworksBuildPhase;
			buildActionMask = 2147483647;
			files = (
			);
			runOnlyForDeploymentPostprocessing = 0;
		};
/* End PBXFrameworksBuildPhase section */

/* Begin PBXGroup section */
		1E4CB20B268CC77900015282 /* TOtL-iOS-UITest */ = {
			isa = PBXGroup;
			children = (
				1E4CB20C268CC77900015282 /* TOtL_iOS_UITest.swift */,
			);
			path = "TOtL-iOS-UITest";
			sourceTree = "<group>";
		};
		1E4CB232268CDC6D00015282 /* TOtL-iOS-test */ = {
			isa = PBXGroup;
			children = (
				1E4CB233268CDC6D00015282 /* TOtL_iOS_test.swift */,
			);
			path = "TOtL-iOS-test";
			sourceTree = "<group>";
		};
		1E70C9E326726F350064A939 = {
			isa = PBXGroup;
			children = (
				1E6B0EA22CE5453B0064407B /* Config.xcconfig */,
				1E11F43D2E2909CD0051E9E2 /* AppIcon.icon */,
				1E70C9E826726F350064A939 /* Shared (App) */,
				1E70C9F126726F380064A939 /* Shared (Extension) */,
				1E9AC3112EA3D8DF00C41F8D /* iOS */,
				1E9AC2FA2EA3D8CF00C41F8D /* macOS */,
				1E70CA1A26726F380064A939 /* iOS (Extension) */,
				1E70CA2426726F380064A939 /* macOS (Extension) */,
				1E4CB20B268CC77900015282 /* TOtL-iOS-UITest */,
				1E4CB232268CDC6D00015282 /* TOtL-iOS-test */,
				1E70C9F826726F380064A939 /* Products */,
				1EE7F91326DE59930011E42E /* Frameworks */,
			);
			sourceTree = "<group>";
		};
		1E70C9E826726F350064A939 /* Shared (App) */ = {
			isa = PBXGroup;
			children = (
				1E014E222DCB8C64002C83CB /* Localizable.xcstrings */,
				1E7AC7CE2E356FD7000AD93D /* forest.mov */,
				1E7D1A15267283A600FECE52 /* DaringInfantileDachshund.mp4 */,
				1E9AC3072EA3D8DF00C41F8D /* FeedParser.swift */,
				1E7AC7C92E35652D000AD93D /* StefanFunctions.swift */,
				1EC7D05C2CECFC6000819365 /* StefanLinks.swift */,
				1E70C9F026726F380064A939 /* Assets.xcassets */,
			);
			path = "Shared (App)";
			sourceTree = "<group>";
		};
		1E70C9F126726F380064A939 /* Shared (Extension) */ = {
			isa = PBXGroup;
			children = (
				1ED4B7C72CE5E6C90077FA3B /* Resources */,
				1E70C9F226726F380064A939 /* SafariWebExtensionHandler.swift */,
			);
			path = "Shared (Extension)";
			sourceTree = "<group>";
		};
		1E70C9F826726F380064A939 /* Products */ = {
			isa = PBXGroup;
			children = (
				1E70CA1626726F380064A939 /* Turn Off the Lights for Safari Extension.appex */,
				1E70CA2026726F380064A939 /* Turn Off the Lights for Safari Extension.appex */,
				1E4CB20A268CC77900015282 /* TOtL-iOS-UITest.xctest */,
				1E4CB231268CDC6D00015282 /* TOtL-iOS-test.xctest */,
				1E7AC6BB2E34E103000AD93D /* Turn Off the Lights for Safari iOS.app */,
				1E9C58582E9419730018DFB0 /* Turn Off the Lights for Safari.app */,
			);
			name = Products;
			sourceTree = "<group>";
		};
		1E70CA1A26726F380064A939 /* iOS (Extension) */ = {
			isa = PBXGroup;
			children = (
				1E70CA1B26726F380064A939 /* Info.plist */,
			);
			path = "iOS (Extension)";
			sourceTree = "<group>";
		};
		1E70CA2426726F380064A939 /* macOS (Extension) */ = {
			isa = PBXGroup;
			children = (
				1E70CA2526726F380064A939 /* Info.plist */,
			);
			path = "macOS (Extension)";
			sourceTree = "<group>";
		};
		1E9AC2FA2EA3D8CF00C41F8D /* macOS */ = {
			isa = PBXGroup;
			children = (
				1E5C6CB12ECDDF6A00AD3FD8 /* Info.plist */,
				1E5C6CB22ECDDF8E00AD3FD8 /* Credits.rtf */,
				1E9AC2EF2EA3D8CF00C41F8D /* AboutView.swift */,
				1E9AC2F02EA3D8CF00C41F8D /* ContentView.swift */,
				1E9AC2F12EA3D8CF00C41F8D /* EnableView.swift */,
				1E9AC2F32EA3D8CF00C41F8D /* LicensesView.swift */,
				1E9AC2F42EA3D8CF00C41F8D /* NewsView.swift */,
				1E9AC2F52EA3D8CF00C41F8D /* OtherAppsView.swift */,
				1E9AC2F82EA3D8CF00C41F8D /* Turn_Off_the_Lights_for_Safari_macOSApp.swift */,
				1E9AC2F92EA3D8CF00C41F8D /* VideosView.swift */,
			);
			path = macOS;
			sourceTree = "<group>";
		};
		1E9AC3112EA3D8DF00C41F8D /* iOS */ = {
			isa = PBXGroup;
			children = (
				1E5C6CB02ECDDF4C00AD3FD8 /* Info.plist */,
				1E35544D2EB55BCC00603EEA /* LaunchScreen.storyboard */,
				1E9AC3062EA3D8DF00C41F8D /* ContentView.swift */,
				1E9AC3082EA3D8DF00C41F8D /* GuideView.swift */,
				1E9AC3092EA3D8DF00C41F8D /* HelpView.swift */,
				1E9AC30A2EA3D8DF00C41F8D /* HomeView.swift */,
				1E9AC30B2EA3D8DF00C41F8D /* LicensesView.swift */,
				1E9AC30C2EA3D8DF00C41F8D /* NetworkMonitor.swift */,
				1E9AC30D2EA3D8DF00C41F8D /* NewsView.swift */,
				1E9AC30E2EA3D8DF00C41F8D /* OtherAppsView.swift */,
				1E9AC30F2EA3D8DF00C41F8D /* Turn_Off_the_LightsApp.swift */,
				1E9AC3102EA3D8DF00C41F8D /* VideosView.swift */,
			);
			path = iOS;
			sourceTree = "<group>";
		};
		1ED4B7C72CE5E6C90077FA3B /* Resources */ = {
			isa = PBXGroup;
			children = (
				1ED4B7BC2CE5E6A00077FA3B /* _locales */,
				1ED4B7BA2CE5E6A00077FA3B /* images */,
				1ED4B7B82CE5E6A00077FA3B /* LICENSE */,
				1ED4B7B42CE5E6A00077FA3B /* manifest.json */,
				1ED4B7B72CE5E6A00077FA3B /* options.html */,
				1ED4B7B32CE5E69F0077FA3B /* palette.html */,
				1ED4B7B52CE5E6A00077FA3B /* popup.html */,
				1ED4B7BB2CE5E6A00077FA3B /* schema.json */,
				1ED4B7B62CE5E6A00077FA3B /* scripts */,
				1ED4B7B92CE5E6A00077FA3B /* styles */,
			);
			path = Resources;
			sourceTree = "<group>";
		};
		1EE7F91326DE59930011E42E /* Frameworks */ = {
			isa = PBXGroup;
			children = (
			);
			name = Frameworks;
			sourceTree = "<group>";
		};
/* End PBXGroup section */

/* Begin PBXNativeTarget section */
		1E4CB209268CC77900015282 /* TOtL-iOS-UITest */ = {
			isa = PBXNativeTarget;
			buildConfigurationList = 1E4CB210268CC77900015282 /* Build configuration list for PBXNativeTarget "TOtL-iOS-UITest" */;
			buildPhases = (
				1E4CB206268CC77900015282 /* Sources */,
				1E4CB207268CC77900015282 /* Frameworks */,
				1E4CB208268CC77900015282 /* Resources */,
			);
			buildRules = (
			);
			dependencies = (
			);
			name = "TOtL-iOS-UITest";
			productName = "TOtL-iOS-UITest";
			productReference = 1E4CB20A268CC77900015282 /* TOtL-iOS-UITest.xctest */;
			productType = "com.apple.product-type.bundle.ui-testing";
		};
		1E4CB230268CDC6D00015282 /* TOtL-iOS-test */ = {
			isa = PBXNativeTarget;
			buildConfigurationList = 1E4CB237268CDC6D00015282 /* Build configuration list for PBXNativeTarget "TOtL-iOS-test" */;
			buildPhases = (
				1E4CB22D268CDC6D00015282 /* Sources */,
				1E4CB22E268CDC6D00015282 /* Frameworks */,
				1E4CB22F268CDC6D00015282 /* Resources */,
			);
			buildRules = (
			);
			dependencies = (
			);
			name = "TOtL-iOS-test";
			productName = "TOtL-iOS-test";
			productReference = 1E4CB231268CDC6D00015282 /* TOtL-iOS-test.xctest */;
			productType = "com.apple.product-type.bundle.unit-test";
		};
		1E70CA1526726F380064A939 /* Turn Off the Lights for Safari Extension iOS */ = {
			isa = PBXNativeTarget;
			buildConfigurationList = 1E70CA3626726F380064A939 /* Build configuration list for PBXNativeTarget "Turn Off the Lights for Safari Extension iOS" */;
			buildPhases = (
				1E70CA1226726F380064A939 /* Sources */,
				1E70CA1326726F380064A939 /* Frameworks */,
				1E70CA1426726F380064A939 /* Resources */,
			);
			buildRules = (
			);
			dependencies = (
			);
			name = "Turn Off the Lights for Safari Extension iOS";
			productName = "Turn Off the Lights for Safari Extension (iOS)";
			productReference = 1E70CA1626726F380064A939 /* Turn Off the Lights for Safari Extension.appex */;
			productType = "com.apple.product-type.app-extension";
		};
		1E70CA1F26726F380064A939 /* Turn Off the Lights for Safari Extension macOS */ = {
			isa = PBXNativeTarget;
			buildConfigurationList = 1E70CA3D26726F380064A939 /* Build configuration list for PBXNativeTarget "Turn Off the Lights for Safari Extension macOS" */;
			buildPhases = (
				1E70CA1C26726F380064A939 /* Sources */,
				1E70CA1D26726F380064A939 /* Frameworks */,
				1E70CA1E26726F380064A939 /* Resources */,
			);
			buildRules = (
			);
			dependencies = (
			);
			name = "Turn Off the Lights for Safari Extension macOS";
			productName = "Turn Off the Lights for Safari Extension (macOS)";
			productReference = 1E70CA2026726F380064A939 /* Turn Off the Lights for Safari Extension.appex */;
			productType = "com.apple.product-type.app-extension";
		};
		1E7AC6BA2E34E103000AD93D /* Turn Off the Lights for Safari iOS */ = {
			isa = PBXNativeTarget;
			buildConfigurationList = 1E7AC6C52E34E105000AD93D /* Build configuration list for PBXNativeTarget "Turn Off the Lights for Safari iOS" */;
			buildPhases = (
				1E7AC6B72E34E103000AD93D /* Sources */,
				1E7AC6B82E34E103000AD93D /* Frameworks */,
				1E7AC6B92E34E103000AD93D /* Resources */,
				1E9AC2E42EA3C56100C41F8D /* Embed Foundation Extensions */,
			);
			buildRules = (
			);
			dependencies = (
				1E9AC2E32EA3C56100C41F8D /* PBXTargetDependency */,
				1E9AC2E62EA3C57600C41F8D /* PBXTargetDependency */,
			);
			name = "Turn Off the Lights for Safari iOS";
			packageProductDependencies = (
			);
			productName = "Turn Off the Lights";
			productReference = 1E7AC6BB2E34E103000AD93D /* Turn Off the Lights for Safari iOS.app */;
			productType = "com.apple.product-type.application";
		};
		1E9C58572E9419730018DFB0 /* Turn Off the Lights for Safari macOS */ = {
			isa = PBXNativeTarget;
			buildConfigurationList = 1E9C58622E9419750018DFB0 /* Build configuration list for PBXNativeTarget "Turn Off the Lights for Safari macOS" */;
			buildPhases = (
				1E9C58542E9419730018DFB0 /* Sources */,
				1E9C58552E9419730018DFB0 /* Frameworks */,
				1E9C58562E9419730018DFB0 /* Resources */,
				1E9AC2EA2EA3C58D00C41F8D /* Embed Foundation Extensions */,
			);
			buildRules = (
			);
			dependencies = (
				1E9AC2E92EA3C58D00C41F8D /* PBXTargetDependency */,
			);
			name = "Turn Off the Lights for Safari macOS";
			packageProductDependencies = (
			);
			productName = "Turn Off the Lights for Safari macOS";
			productReference = 1E9C58582E9419730018DFB0 /* Turn Off the Lights for Safari.app */;
			productType = "com.apple.product-type.application";
		};
/* End PBXNativeTarget section */

/* Begin PBXProject section */
		1E70C9E426726F350064A939 /* Project object */ = {
			isa = PBXProject;
			attributes = {
				BuildIndependentTargetsInParallel = 1;
				LastSwiftUpdateCheck = 2600;
				LastUpgradeCheck = 2600;
				TargetAttributes = {
					1E4CB209268CC77900015282 = {
						CreatedOnToolsVersion = 13.0;
						TestTargetID = 1E70C9F626726F380064A939;
					};
					1E4CB230268CDC6D00015282 = {
						CreatedOnToolsVersion = 13.0;
						TestTargetID = 1E70C9F626726F380064A939;
					};
					1E70CA1526726F380064A939 = {
						CreatedOnToolsVersion = 13.0;
					};
					1E70CA1F26726F380064A939 = {
						CreatedOnToolsVersion = 13.0;
					};
					1E7AC6BA2E34E103000AD93D = {
						CreatedOnToolsVersion = 26.0;
					};
					1E9C58572E9419730018DFB0 = {
						CreatedOnToolsVersion = 26.0.1;
					};
				};
			};
			buildConfigurationList = 1E70C9E726726F350064A939 /* Build configuration list for PBXProject "Turn Off the Lights for Safari" */;
			compatibilityVersion = "Xcode 12.0";
			developmentRegion = en;
			hasScannedForEncodings = 0;
			knownRegions = (
				en,
				Base,
				nl,
				es,
				nb,
				fi,
				da,
				de,
				ru,
				ro,
				ca,
				pl,
				it,
				"es-419",
				fr,
				"zh-Hans",
				ja,
				ar,
				cs,
				he,
				hu,
				id,
				el,
				"pt-BR",
				"pt-PT",
				sv,
				vi,
				uk,
				tr,
				ko,
				"zh-Hant",
			);
			mainGroup = 1E70C9E326726F350064A939;
			productRefGroup = 1E70C9F826726F380064A939 /* Products */;
			projectDirPath = "";
			projectRoot = "";
			targets = (
				1E9C58572E9419730018DFB0 /* Turn Off the Lights for Safari macOS */,
				1E7AC6BA2E34E103000AD93D /* Turn Off the Lights for Safari iOS */,
				1E70CA1F26726F380064A939 /* Turn Off the Lights for Safari Extension macOS */,
				1E70CA1526726F380064A939 /* Turn Off the Lights for Safari Extension iOS */,
				1E4CB209268CC77900015282 /* TOtL-iOS-UITest */,
				1E4CB230268CDC6D00015282 /* TOtL-iOS-test */,
			);
		};
/* End PBXProject section */

/* Begin PBXResourcesBuildPhase section */
		1E4CB208268CC77900015282 /* Resources */ = {
			isa = PBXResourcesBuildPhase;
			buildActionMask = 2147483647;
			files = (
			);
			runOnlyForDeploymentPostprocessing = 0;
		};
		1E4CB22F268CDC6D00015282 /* Resources */ = {
			isa = PBXResourcesBuildPhase;
			buildActionMask = 2147483647;
			files = (
			);
			runOnlyForDeploymentPostprocessing = 0;
		};
		1E70CA1426726F380064A939 /* Resources */ = {
			isa = PBXResourcesBuildPhase;
			buildActionMask = 2147483647;
			files = (
				1ED4B7C82CE5E6F30077FA3B /* _locales in Resources */,
				1ED4B7C92CE5E6F30077FA3B /* images in Resources */,
				1ED4B7CA2CE5E6F30077FA3B /* LICENSE in Resources */,
				1ED4B7CB2CE5E6F30077FA3B /* manifest.json in Resources */,
				1ED4B7CC2CE5E6F30077FA3B /* options.html in Resources */,
				1ED4B7CD2CE5E6F30077FA3B /* palette.html in Resources */,
				1ED4B7CE2CE5E6F30077FA3B /* popup.html in Resources */,
				1ED4B7CF2CE5E6F30077FA3B /* schema.json in Resources */,
				1ED4B7D02CE5E6F30077FA3B /* scripts in Resources */,
				1ED4B7D12CE5E6F30077FA3B /* styles in Resources */,
			);
			runOnlyForDeploymentPostprocessing = 0;
		};
		1E70CA1E26726F380064A939 /* Resources */ = {
			isa = PBXResourcesBuildPhase;
			buildActionMask = 2147483647;
			files = (
				1ED4B7C02CE5E6A00077FA3B /* scripts in Resources */,
				1ED4B7C32CE5E6A00077FA3B /* styles in Resources */,
				1ED4B7C42CE5E6A00077FA3B /* images in Resources */,
				1ED4B7C62CE5E6A00077FA3B /* _locales in Resources */,
				1ED4B7BD2CE5E6A00077FA3B /* palette.html in Resources */,
				1ED4B7BE2CE5E6A00077FA3B /* manifest.json in Resources */,
				1ED4B7BF2CE5E6A00077FA3B /* popup.html in Resources */,
				1ED4B7C12CE5E6A00077FA3B /* options.html in Resources */,
				1ED4B7C22CE5E6A00077FA3B /* LICENSE in Resources */,
				1ED4B7C52CE5E6A00077FA3B /* schema.json in Resources */,
			);
			runOnlyForDeploymentPostprocessing = 0;
		};
		1E7AC6B92E34E103000AD93D /* Resources */ = {
			isa = PBXResourcesBuildPhase;
			buildActionMask = 2147483647;
			files = (
				1E7AC7D12E356FD7000AD93D /* forest.mov in Resources */,
				1E9AC2EC2EA3CBAB00C41F8D /* Localizable.xcstrings in Resources */,
				1E7AC7C32E35047B000AD93D /* Assets.xcassets in Resources */,
				1E35544E2EB55BCC00603EEA /* LaunchScreen.storyboard in Resources */,
				1E7AC6C62E34E345000AD93D /* AppIcon.icon in Resources */,
			);
			runOnlyForDeploymentPostprocessing = 0;
		};
		1E9C58562E9419730018DFB0 /* Resources */ = {
			isa = PBXResourcesBuildPhase;
			buildActionMask = 2147483647;
			files = (
				1E655F9B2EA2E1CE007F2F39 /* DaringInfantileDachshund.mp4 in Resources */,
				1E5C6CB32ECDDF8E00AD3FD8 /* Credits.rtf in Resources */,
				1E9AC2EB2EA3CBAB00C41F8D /* Localizable.xcstrings in Resources */,
				1EBC202B2E95B62D0073BBFD /* Assets.xcassets in Resources */,
				1E9C58672E941D620018DFB0 /* AppIcon.icon in Resources */,
				1E0919FC2EA047D200154A1B /* forest.mov in Resources */,
			);
			runOnlyForDeploymentPostprocessing = 0;
		};
/* End PBXResourcesBuildPhase section */

/* Begin PBXSourcesBuildPhase section */
		1E4CB206268CC77900015282 /* Sources */ = {
			isa = PBXSourcesBuildPhase;
			buildActionMask = 2147483647;
			files = (
				1E4CB20D268CC77900015282 /* TOtL_iOS_UITest.swift in Sources */,
			);
			runOnlyForDeploymentPostprocessing = 0;
		};
		1E4CB22D268CDC6D00015282 /* Sources */ = {
			isa = PBXSourcesBuildPhase;
			buildActionMask = 2147483647;
			files = (
				1E4CB234268CDC6D00015282 /* TOtL_iOS_test.swift in Sources */,
			);
			runOnlyForDeploymentPostprocessing = 0;
		};
		1E70CA1226726F380064A939 /* Sources */ = {
			isa = PBXSourcesBuildPhase;
			buildActionMask = 2147483647;
			files = (
				1E70CA3226726F380064A939 /* SafariWebExtensionHandler.swift in Sources */,
			);
			runOnlyForDeploymentPostprocessing = 0;
		};
		1E70CA1C26726F380064A939 /* Sources */ = {
			isa = PBXSourcesBuildPhase;
			buildActionMask = 2147483647;
			files = (
				1E70CA3326726F380064A939 /* SafariWebExtensionHandler.swift in Sources */,
			);
			runOnlyForDeploymentPostprocessing = 0;
		};
		1E7AC6B72E34E103000AD93D /* Sources */ = {
			isa = PBXSourcesBuildPhase;
			buildActionMask = 2147483647;
			files = (
				1E7AC7CB2E35652D000AD93D /* StefanFunctions.swift in Sources */,
				1E7AC7672E34FFD4000AD93D /* StefanLinks.swift in Sources */,
				1E9AC3122EA3D8DF00C41F8D /* HomeView.swift in Sources */,
				1E9AC3132EA3D8DF00C41F8D /* Turn_Off_the_LightsApp.swift in Sources */,
				1E9AC3142EA3D8DF00C41F8D /* NewsView.swift in Sources */,
				1E9AC3152EA3D8DF00C41F8D /* HelpView.swift in Sources */,
				1E9AC3162EA3D8DF00C41F8D /* NetworkMonitor.swift in Sources */,
				1E9AC3172EA3D8DF00C41F8D /* LicensesView.swift in Sources */,
				1E9AC3182EA3D8DF00C41F8D /* OtherAppsView.swift in Sources */,
				1E9AC3192EA3D8DF00C41F8D /* FeedParser.swift in Sources */,
				1E9AC31A2EA3D8DF00C41F8D /* VideosView.swift in Sources */,
				1E9AC31B2EA3D8DF00C41F8D /* GuideView.swift in Sources */,
				1E9AC31C2EA3D8DF00C41F8D /* ContentView.swift in Sources */,
			);
			runOnlyForDeploymentPostprocessing = 0;
		};
		1E9C58542E9419730018DFB0 /* Sources */ = {
			isa = PBXSourcesBuildPhase;
			buildActionMask = 2147483647;
			files = (
				1E9AC2FB2EA3D8CF00C41F8D /* ContentView.swift in Sources */,
				1E9AC2FC2EA3D8CF00C41F8D /* NewsView.swift in Sources */,
				1E9AC2FD2EA3D8CF00C41F8D /* LicensesView.swift in Sources */,
				1E9AC3012EA3D8CF00C41F8D /* OtherAppsView.swift in Sources */,
				1E9AC3022EA3D8CF00C41F8D /* AboutView.swift in Sources */,
				1E9AC3032EA3D8CF00C41F8D /* Turn_Off_the_Lights_for_Safari_macOSApp.swift in Sources */,
				1E9AC3042EA3D8CF00C41F8D /* EnableView.swift in Sources */,
				1E9AC3052EA3D8CF00C41F8D /* VideosView.swift in Sources */,
				1EBC1ECC2E9549E10073BBFD /* StefanFunctions.swift in Sources */,
				1ED6EFFA2E944A1E00D14A70 /* StefanLinks.swift in Sources */,
				1E35544C2EB550B500603EEA /* FeedParser.swift in Sources */,
			);
			runOnlyForDeploymentPostprocessing = 0;
		};
/* End PBXSourcesBuildPhase section */

/* Begin PBXTargetDependency section */
		1E9AC2E32EA3C56100C41F8D /* PBXTargetDependency */ = {
			isa = PBXTargetDependency;
			target = 1E70CA1526726F380064A939 /* Turn Off the Lights for Safari Extension iOS */;
			targetProxy = 1E9AC2E22EA3C56100C41F8D /* PBXContainerItemProxy */;
		};
		1E9AC2E62EA3C57600C41F8D /* PBXTargetDependency */ = {
			isa = PBXTargetDependency;
			target = 1E70CA1526726F380064A939 /* Turn Off the Lights for Safari Extension iOS */;
			targetProxy = 1E9AC2E52EA3C57600C41F8D /* PBXContainerItemProxy */;
		};
		1E9AC2E92EA3C58D00C41F8D /* PBXTargetDependency */ = {
			isa = PBXTargetDependency;
			target = 1E70CA1F26726F380064A939 /* Turn Off the Lights for Safari Extension macOS */;
			targetProxy = 1E9AC2E82EA3C58D00C41F8D /* PBXContainerItemProxy */;
		};
/* End PBXTargetDependency section */

/* Begin XCBuildConfiguration section */
		1E4CB211268CC77900015282 /* Debug */ = {
			isa = XCBuildConfiguration;
			baseConfigurationReference = 1E6B0EA22CE5453B0064407B /* Config.xcconfig */;
			buildSettings = {
				ALLOW_TARGET_PLATFORM_SPECIALIZATION = YES;
				"CODE_SIGN_IDENTITY[sdk=macosx*]" = "Apple Development";
				CODE_SIGN_STYLE = Automatic;
				CURRENT_PROJECT_VERSION = "$(BUILD_NUMBER)";
				GENERATE_INFOPLIST_FILE = YES;
				LD_RUNPATH_SEARCH_PATHS = (
					"$(inherited)",
					"@executable_path/Frameworks",
					"@loader_path/Frameworks",
				);
				MARKETING_VERSION = "$(VERSION)";
				PRODUCT_BUNDLE_IDENTIFIER = "com.stefanvd.TOtL-iOS-UITest";
				PRODUCT_NAME = "$(TARGET_NAME)";
				SDKROOT = iphoneos;
				SUPPORTS_MACCATALYST = YES;
				SWIFT_EMIT_LOC_STRINGS = NO;
				SWIFT_VERSION = 5.0;
				TARGETED_DEVICE_FAMILY = "1,2";
				TEST_TARGET_NAME = "Turn Off the Lights for Safari (iOS)";
			};
			name = Debug;
		};
		1E4CB212268CC77900015282 /* Release */ = {
			isa = XCBuildConfiguration;
			baseConfigurationReference = 1E6B0EA22CE5453B0064407B /* Config.xcconfig */;
			buildSettings = {
				ALLOW_TARGET_PLATFORM_SPECIALIZATION = YES;
				"CODE_SIGN_IDENTITY[sdk=macosx*]" = "Apple Development";
				CODE_SIGN_STYLE = Automatic;
				CURRENT_PROJECT_VERSION = "$(BUILD_NUMBER)";
				GENERATE_INFOPLIST_FILE = YES;
				LD_RUNPATH_SEARCH_PATHS = (
					"$(inherited)",
					"@executable_path/Frameworks",
					"@loader_path/Frameworks",
				);
				MARKETING_VERSION = "$(VERSION)";
				PRODUCT_BUNDLE_IDENTIFIER = "com.stefanvd.TOtL-iOS-UITest";
				PRODUCT_NAME = "$(TARGET_NAME)";
				SDKROOT = iphoneos;
				SUPPORTS_MACCATALYST = YES;
				SWIFT_EMIT_LOC_STRINGS = NO;
				SWIFT_VERSION = 5.0;
				TARGETED_DEVICE_FAMILY = "1,2";
				TEST_TARGET_NAME = "Turn Off the Lights for Safari (iOS)";
				VALIDATE_PRODUCT = YES;
			};
			name = Release;
		};
		1E4CB238268CDC6D00015282 /* Debug */ = {
			isa = XCBuildConfiguration;
			baseConfigurationReference = 1E6B0EA22CE5453B0064407B /* Config.xcconfig */;
			buildSettings = {
				BUNDLE_LOADER = "$(TEST_HOST)";
				"CODE_SIGN_IDENTITY[sdk=macosx*]" = "Apple Development";
				CODE_SIGN_STYLE = Automatic;
				CURRENT_PROJECT_VERSION = "$(BUILD_NUMBER)";
				GENERATE_INFOPLIST_FILE = YES;
				LD_RUNPATH_SEARCH_PATHS = (
					"$(inherited)",
					"@executable_path/Frameworks",
					"@loader_path/Frameworks",
				);
				MARKETING_VERSION = "$(VERSION)";
				PRODUCT_BUNDLE_IDENTIFIER = "com.stefanvd.TOtL-iOS-test";
				PRODUCT_NAME = "$(TARGET_NAME)";
				SDKROOT = iphoneos;
				SWIFT_EMIT_LOC_STRINGS = NO;
				SWIFT_VERSION = 5.0;
				TARGETED_DEVICE_FAMILY = "1,2";
				TEST_HOST = "$(BUILT_PRODUCTS_DIR)/Turn Off the Lights for Safari.app/Turn Off the Lights for Safari";
			};
			name = Debug;
		};
		1E4CB239268CDC6D00015282 /* Release */ = {
			isa = XCBuildConfiguration;
			baseConfigurationReference = 1E6B0EA22CE5453B0064407B /* Config.xcconfig */;
			buildSettings = {
				BUNDLE_LOADER = "$(TEST_HOST)";
				"CODE_SIGN_IDENTITY[sdk=macosx*]" = "Apple Development";
				CODE_SIGN_STYLE = Automatic;
				CURRENT_PROJECT_VERSION = "$(BUILD_NUMBER)";
				GENERATE_INFOPLIST_FILE = YES;
				LD_RUNPATH_SEARCH_PATHS = (
					"$(inherited)",
					"@executable_path/Frameworks",
					"@loader_path/Frameworks",
				);
				MARKETING_VERSION = "$(VERSION)";
				PRODUCT_BUNDLE_IDENTIFIER = "com.stefanvd.TOtL-iOS-test";
				PRODUCT_NAME = "$(TARGET_NAME)";
				SDKROOT = iphoneos;
				SWIFT_EMIT_LOC_STRINGS = NO;
				SWIFT_VERSION = 5.0;
				TARGETED_DEVICE_FAMILY = "1,2";
				TEST_HOST = "$(BUILT_PRODUCTS_DIR)/Turn Off the Lights for Safari.app/Turn Off the Lights for Safari";
				VALIDATE_PRODUCT = YES;
			};
			name = Release;
		};
		1E70CA3426726F380064A939 /* Debug */ = {
			isa = XCBuildConfiguration;
			baseConfigurationReference = 1E6B0EA22CE5453B0064407B /* Config.xcconfig */;
			buildSettings = {
				ALWAYS_SEARCH_USER_PATHS = NO;
				ASSETCATALOG_COMPILER_GENERATE_SWIFT_ASSET_SYMBOL_EXTENSIONS = YES;
				CLANG_ANALYZER_LOCALIZABILITY_NONLOCALIZED = YES;
				CLANG_ANALYZER_NONNULL = YES;
				CLANG_ANALYZER_NUMBER_OBJECT_CONVERSION = YES_AGGRESSIVE;
				CLANG_CXX_LANGUAGE_STANDARD = "gnu++14";
				CLANG_CXX_LIBRARY = "libc++";
				CLANG_ENABLE_MODULES = YES;
				CLANG_ENABLE_OBJC_ARC = YES;
				CLANG_ENABLE_OBJC_WEAK = YES;
				CLANG_WARN_BLOCK_CAPTURE_AUTORELEASING = YES;
				CLANG_WARN_BOOL_CONVERSION = YES;
				CLANG_WARN_COMMA = YES;
				CLANG_WARN_CONSTANT_CONVERSION = YES;
				CLANG_WARN_DEPRECATED_OBJC_IMPLEMENTATIONS = YES;
				CLANG_WARN_DIRECT_OBJC_ISA_USAGE = YES_ERROR;
				CLANG_WARN_DOCUMENTATION_COMMENTS = YES;
				CLANG_WARN_EMPTY_BODY = YES;
				CLANG_WARN_ENUM_CONVERSION = YES;
				CLANG_WARN_INFINITE_RECURSION = YES;
				CLANG_WARN_INT_CONVERSION = YES;
				CLANG_WARN_NON_LITERAL_NULL_CONVERSION = YES;
				CLANG_WARN_OBJC_IMPLICIT_RETAIN_SELF = YES;
				CLANG_WARN_OBJC_LITERAL_CONVERSION = YES;
				CLANG_WARN_OBJC_ROOT_CLASS = YES_ERROR;
				CLANG_WARN_QUOTED_INCLUDE_IN_FRAMEWORK_HEADER = YES;
				CLANG_WARN_RANGE_LOOP_ANALYSIS = YES;
				CLANG_WARN_STRICT_PROTOTYPES = YES;
				CLANG_WARN_SUSPICIOUS_MOVE = YES;
				CLANG_WARN_UNGUARDED_AVAILABILITY = YES_AGGRESSIVE;
				CLANG_WARN_UNREACHABLE_CODE = YES;
				CLANG_WARN__DUPLICATE_METHOD_MATCH = YES;
				COPY_PHASE_STRIP = NO;
				DEAD_CODE_STRIPPING = YES;
				DEBUG_INFORMATION_FORMAT = dwarf;
				DEVELOPMENT_TEAM = PRR97757HF;
				ENABLE_STRICT_OBJC_MSGSEND = YES;
				ENABLE_TESTABILITY = YES;
				GCC_C_LANGUAGE_STANDARD = gnu11;
				GCC_DYNAMIC_NO_PIC = NO;
				GCC_NO_COMMON_BLOCKS = YES;
				GCC_OPTIMIZATION_LEVEL = 0;
				GCC_PREPROCESSOR_DEFINITIONS = (
					"DEBUG=1",
					"$(inherited)",
				);
				GCC_WARN_64_TO_32_BIT_CONVERSION = YES;
				GCC_WARN_ABOUT_RETURN_TYPE = YES_ERROR;
				GCC_WARN_UNDECLARED_SELECTOR = YES;
				GCC_WARN_UNINITIALIZED_AUTOS = YES_AGGRESSIVE;
				GCC_WARN_UNUSED_FUNCTION = YES;
				GCC_WARN_UNUSED_VARIABLE = YES;
				IPHONEOS_DEPLOYMENT_TARGET = 16.4;
				MACOSX_DEPLOYMENT_TARGET = 12.0;
				MTL_ENABLE_DEBUG_INFO = INCLUDE_SOURCE;
				MTL_FAST_MATH = YES;
				ONLY_ACTIVE_ARCH = YES;
				STRING_CATALOG_GENERATE_SYMBOLS = YES;
				SWIFT_ACTIVE_COMPILATION_CONDITIONS = DEBUG;
				SWIFT_EMIT_LOC_STRINGS = YES;
				SWIFT_OPTIMIZATION_LEVEL = "-Onone";
			};
			name = Debug;
		};
		1E70CA3526726F380064A939 /* Release */ = {
			isa = XCBuildConfiguration;
			baseConfigurationReference = 1E6B0EA22CE5453B0064407B /* Config.xcconfig */;
			buildSettings = {
				ALWAYS_SEARCH_USER_PATHS = NO;
				ASSETCATALOG_COMPILER_GENERATE_SWIFT_ASSET_SYMBOL_EXTENSIONS = YES;
				CLANG_ANALYZER_LOCALIZABILITY_NONLOCALIZED = YES;
				CLANG_ANALYZER_NONNULL = YES;
				CLANG_ANALYZER_NUMBER_OBJECT_CONVERSION = YES_AGGRESSIVE;
				CLANG_CXX_LANGUAGE_STANDARD = "gnu++14";
				CLANG_CXX_LIBRARY = "libc++";
				CLANG_ENABLE_MODULES = YES;
				CLANG_ENABLE_OBJC_ARC = YES;
				CLANG_ENABLE_OBJC_WEAK = YES;
				CLANG_WARN_BLOCK_CAPTURE_AUTORELEASING = YES;
				CLANG_WARN_BOOL_CONVERSION = YES;
				CLANG_WARN_COMMA = YES;
				CLANG_WARN_CONSTANT_CONVERSION = YES;
				CLANG_WARN_DEPRECATED_OBJC_IMPLEMENTATIONS = YES;
				CLANG_WARN_DIRECT_OBJC_ISA_USAGE = YES_ERROR;
				CLANG_WARN_DOCUMENTATION_COMMENTS = YES;
				CLANG_WARN_EMPTY_BODY = YES;
				CLANG_WARN_ENUM_CONVERSION = YES;
				CLANG_WARN_INFINITE_RECURSION = YES;
				CLANG_WARN_INT_CONVERSION = YES;
				CLANG_WARN_NON_LITERAL_NULL_CONVERSION = YES;
				CLANG_WARN_OBJC_IMPLICIT_RETAIN_SELF = YES;
				CLANG_WARN_OBJC_LITERAL_CONVERSION = YES;
				CLANG_WARN_OBJC_ROOT_CLASS = YES_ERROR;
				CLANG_WARN_QUOTED_INCLUDE_IN_FRAMEWORK_HEADER = YES;
				CLANG_WARN_RANGE_LOOP_ANALYSIS = YES;
				CLANG_WARN_STRICT_PROTOTYPES = YES;
				CLANG_WARN_SUSPICIOUS_MOVE = YES;
				CLANG_WARN_UNGUARDED_AVAILABILITY = YES_AGGRESSIVE;
				CLANG_WARN_UNREACHABLE_CODE = YES;
				CLANG_WARN__DUPLICATE_METHOD_MATCH = YES;
				COPY_PHASE_STRIP = NO;
				DEAD_CODE_STRIPPING = YES;
				DEBUG_INFORMATION_FORMAT = "dwarf-with-dsym";
				DEVELOPMENT_TEAM = PRR97757HF;
				ENABLE_NS_ASSERTIONS = NO;
				ENABLE_STRICT_OBJC_MSGSEND = YES;
				GCC_C_LANGUAGE_STANDARD = gnu11;
				GCC_NO_COMMON_BLOCKS = YES;
				GCC_WARN_64_TO_32_BIT_CONVERSION = YES;
				GCC_WARN_ABOUT_RETURN_TYPE = YES_ERROR;
				GCC_WARN_UNDECLARED_SELECTOR = YES;
				GCC_WARN_UNINITIALIZED_AUTOS = YES_AGGRESSIVE;
				GCC_WARN_UNUSED_FUNCTION = YES;
				GCC_WARN_UNUSED_VARIABLE = YES;
				IPHONEOS_DEPLOYMENT_TARGET = 16.4;
				MACOSX_DEPLOYMENT_TARGET = 12.0;
				MTL_ENABLE_DEBUG_INFO = NO;
				MTL_FAST_MATH = YES;
				STRING_CATALOG_GENERATE_SYMBOLS = YES;
				SWIFT_COMPILATION_MODE = wholemodule;
				SWIFT_EMIT_LOC_STRINGS = YES;
				SWIFT_OPTIMIZATION_LEVEL = "-O";
			};
			name = Release;
		};
		1E70CA3726726F380064A939 /* Debug */ = {
			isa = XCBuildConfiguration;
			baseConfigurationReference = 1E6B0EA22CE5453B0064407B /* Config.xcconfig */;
			buildSettings = {
				CODE_SIGN_STYLE = Automatic;
				CURRENT_PROJECT_VERSION = "$(BUILD_NUMBER)";
				GENERATE_INFOPLIST_FILE = YES;
				INFOPLIST_FILE = "iOS (Extension)/Info.plist";
				INFOPLIST_KEY_CFBundleDisplayName = "Turn Off the Lights for Safari Extension";
				INFOPLIST_KEY_CFBundleExecutable = "Turn Off the Lights for Safari Extension";
				INFOPLIST_KEY_CFBundleName = "Turn Off the Lights for Safari Extension";
				INFOPLIST_KEY_CFBundleVersion = 38;
				INFOPLIST_KEY_NSHumanReadableCopyright = "";
				IPHONEOS_DEPLOYMENT_TARGET = 15.5;
				LD_RUNPATH_SEARCH_PATHS = (
					"$(inherited)",
					"@executable_path/Frameworks",
					"@executable_path/../../Frameworks",
				);
				MARKETING_VERSION = "$(VERSION)";
				PRODUCT_BUNDLE_IDENTIFIER = "com.stefanvd.Turn-Off-the-Lights-for-Safari.Extension";
				PRODUCT_NAME = "Turn Off the Lights for Safari Extension";
				SDKROOT = iphoneos;
				SKIP_INSTALL = YES;
				SUPPORTED_PLATFORMS = "iphoneos iphonesimulator xros xrsimulator";
				SUPPORTS_MACCATALYST = NO;
				SUPPORTS_MAC_DESIGNED_FOR_IPHONE_IPAD = NO;
				SUPPORTS_XR_DESIGNED_FOR_IPHONE_IPAD = NO;
				SWIFT_EMIT_LOC_STRINGS = YES;
				SWIFT_VERSION = 5.0;
				TARGETED_DEVICE_FAMILY = "1,2,7";
			};
			name = Debug;
		};
		1E70CA3826726F380064A939 /* Release */ = {
			isa = XCBuildConfiguration;
			baseConfigurationReference = 1E6B0EA22CE5453B0064407B /* Config.xcconfig */;
			buildSettings = {
				CODE_SIGN_STYLE = Automatic;
				CURRENT_PROJECT_VERSION = "$(BUILD_NUMBER)";
				GENERATE_INFOPLIST_FILE = YES;
				INFOPLIST_FILE = "iOS (Extension)/Info.plist";
				INFOPLIST_KEY_CFBundleDisplayName = "Turn Off the Lights for Safari Extension";
				INFOPLIST_KEY_CFBundleExecutable = "Turn Off the Lights for Safari Extension";
				INFOPLIST_KEY_CFBundleName = "Turn Off the Lights for Safari Extension";
				INFOPLIST_KEY_CFBundleVersion = 38;
				INFOPLIST_KEY_NSHumanReadableCopyright = "";
				IPHONEOS_DEPLOYMENT_TARGET = 15.5;
				LD_RUNPATH_SEARCH_PATHS = (
					"$(inherited)",
					"@executable_path/Frameworks",
					"@executable_path/../../Frameworks",
				);
				MARKETING_VERSION = "$(VERSION)";
				PRODUCT_BUNDLE_IDENTIFIER = "com.stefanvd.Turn-Off-the-Lights-for-Safari.Extension";
				PRODUCT_NAME = "Turn Off the Lights for Safari Extension";
				SDKROOT = iphoneos;
				SKIP_INSTALL = YES;
				SUPPORTED_PLATFORMS = "iphoneos iphonesimulator xros xrsimulator";
				SUPPORTS_MACCATALYST = NO;
				SUPPORTS_MAC_DESIGNED_FOR_IPHONE_IPAD = NO;
				SUPPORTS_XR_DESIGNED_FOR_IPHONE_IPAD = NO;
				SWIFT_EMIT_LOC_STRINGS = YES;
				SWIFT_VERSION = 5.0;
				TARGETED_DEVICE_FAMILY = "1,2,7";
				VALIDATE_PRODUCT = YES;
			};
			name = Release;
		};
		1E70CA3E26726F380064A939 /* Debug */ = {
			isa = XCBuildConfiguration;
			baseConfigurationReference = 1E6B0EA22CE5453B0064407B /* Config.xcconfig */;
			buildSettings = {
				CODE_SIGN_IDENTITY = "Apple Development";
				CODE_SIGN_STYLE = Automatic;
				CURRENT_PROJECT_VERSION = "$(BUILD_NUMBER)";
				DEAD_CODE_STRIPPING = YES;
				ENABLE_APP_SANDBOX = YES;
				ENABLE_HARDENED_RUNTIME = YES;
				ENABLE_INCOMING_NETWORK_CONNECTIONS = NO;
				ENABLE_OUTGOING_NETWORK_CONNECTIONS = NO;
				ENABLE_RESOURCE_ACCESS_AUDIO_INPUT = NO;
				ENABLE_RESOURCE_ACCESS_BLUETOOTH = NO;
				ENABLE_RESOURCE_ACCESS_CALENDARS = NO;
				ENABLE_RESOURCE_ACCESS_CAMERA = NO;
				ENABLE_RESOURCE_ACCESS_CONTACTS = NO;
				ENABLE_RESOURCE_ACCESS_LOCATION = NO;
				ENABLE_RESOURCE_ACCESS_PRINTING = NO;
				ENABLE_RESOURCE_ACCESS_USB = NO;
				GENERATE_INFOPLIST_FILE = YES;
				INFOPLIST_FILE = "macOS (Extension)/Info.plist";
				INFOPLIST_KEY_CFBundleDisplayName = "Turn Off the Lights for Safari Extension";
				INFOPLIST_KEY_CFBundleExecutable = "Turn Off the Lights for Safari Extension";
				INFOPLIST_KEY_CFBundleName = "Turn Off the Lights for Safari Extension";
				INFOPLIST_KEY_CFBundleVersion = 38;
				INFOPLIST_KEY_NSHumanReadableCopyright = "";
				LD_RUNPATH_SEARCH_PATHS = (
					"$(inherited)",
					"@executable_path/../Frameworks",
					"@executable_path/../../../../Frameworks",
				);
				MACOSX_DEPLOYMENT_TARGET = 11.0;
				MARKETING_VERSION = "$(VERSION)";
				PRODUCT_BUNDLE_IDENTIFIER = "com.stefanvd.Turn-Off-the-Lights-for-Safari.Extension";
				PRODUCT_NAME = "Turn Off the Lights for Safari Extension";
				SDKROOT = macosx;
				SKIP_INSTALL = YES;
				SWIFT_EMIT_LOC_STRINGS = YES;
				SWIFT_VERSION = 5.0;
			};
			name = Debug;
		};
		1E70CA3F26726F380064A939 /* Release */ = {
			isa = XCBuildConfiguration;
			baseConfigurationReference = 1E6B0EA22CE5453B0064407B /* Config.xcconfig */;
			buildSettings = {
				CODE_SIGN_IDENTITY = "Apple Development";
				CODE_SIGN_STYLE = Automatic;
				CURRENT_PROJECT_VERSION = "$(BUILD_NUMBER)";
				DEAD_CODE_STRIPPING = YES;
				ENABLE_APP_SANDBOX = YES;
				ENABLE_HARDENED_RUNTIME = YES;
				ENABLE_INCOMING_NETWORK_CONNECTIONS = NO;
				ENABLE_OUTGOING_NETWORK_CONNECTIONS = NO;
				ENABLE_RESOURCE_ACCESS_AUDIO_INPUT = NO;
				ENABLE_RESOURCE_ACCESS_BLUETOOTH = NO;
				ENABLE_RESOURCE_ACCESS_CALENDARS = NO;
				ENABLE_RESOURCE_ACCESS_CAMERA = NO;
				ENABLE_RESOURCE_ACCESS_CONTACTS = NO;
				ENABLE_RESOURCE_ACCESS_LOCATION = NO;
				ENABLE_RESOURCE_ACCESS_PRINTING = NO;
				ENABLE_RESOURCE_ACCESS_USB = NO;
				GENERATE_INFOPLIST_FILE = YES;
				INFOPLIST_FILE = "macOS (Extension)/Info.plist";
				INFOPLIST_KEY_CFBundleDisplayName = "Turn Off the Lights for Safari Extension";
				INFOPLIST_KEY_CFBundleExecutable = "Turn Off the Lights for Safari Extension";
				INFOPLIST_KEY_CFBundleName = "Turn Off the Lights for Safari Extension";
				INFOPLIST_KEY_CFBundleVersion = 38;
				INFOPLIST_KEY_NSHumanReadableCopyright = "";
				LD_RUNPATH_SEARCH_PATHS = (
					"$(inherited)",
					"@executable_path/../Frameworks",
					"@executable_path/../../../../Frameworks",
				);
				MACOSX_DEPLOYMENT_TARGET = 11.0;
				MARKETING_VERSION = "$(VERSION)";
				PRODUCT_BUNDLE_IDENTIFIER = "com.stefanvd.Turn-Off-the-Lights-for-Safari.Extension";
				PRODUCT_NAME = "Turn Off the Lights for Safari Extension";
				SDKROOT = macosx;
				SKIP_INSTALL = YES;
				SWIFT_EMIT_LOC_STRINGS = YES;
				SWIFT_VERSION = 5.0;
			};
			name = Release;
		};
		1E7AC6C32E34E105000AD93D /* Debug */ = {
			isa = XCBuildConfiguration;
			baseConfigurationReference = 1E6B0EA22CE5453B0064407B /* Config.xcconfig */;
			buildSettings = {
				ASSETCATALOG_COMPILER_APPICON_NAME = AppIcon;
				"ASSETCATALOG_COMPILER_APPICON_NAME[sdk=xr*]" = AppIconVision;
				ASSETCATALOG_COMPILER_GLOBAL_ACCENT_COLOR_NAME = AccentColor;
				CLANG_CXX_LANGUAGE_STANDARD = "gnu++20";
				CODE_SIGN_STYLE = Automatic;
				CURRENT_PROJECT_VERSION = "$(BUILD_NUMBER)";
				DEVELOPMENT_TEAM = PRR97757HF;
				ENABLE_APP_SANDBOX = YES;
				ENABLE_HARDENED_RUNTIME = YES;
				ENABLE_INCOMING_NETWORK_CONNECTIONS = NO;
				ENABLE_OUTGOING_NETWORK_CONNECTIONS = YES;
				ENABLE_PREVIEWS = YES;
				ENABLE_RESOURCE_ACCESS_AUDIO_INPUT = NO;
				ENABLE_RESOURCE_ACCESS_BLUETOOTH = NO;
				ENABLE_RESOURCE_ACCESS_CALENDARS = NO;
				ENABLE_RESOURCE_ACCESS_CAMERA = NO;
				ENABLE_RESOURCE_ACCESS_CONTACTS = NO;
				ENABLE_RESOURCE_ACCESS_LOCATION = NO;
				ENABLE_RESOURCE_ACCESS_PRINTING = NO;
				ENABLE_RESOURCE_ACCESS_USB = NO;
				ENABLE_USER_SCRIPT_SANDBOXING = YES;
				GCC_C_LANGUAGE_STANDARD = gnu17;
				GENERATE_INFOPLIST_FILE = YES;
				INFOPLIST_FILE = iOS/Info.plist;
				INFOPLIST_KEY_CFBundleDisplayName = "Turn Off the Lights for Safari";
				INFOPLIST_KEY_ITSAppUsesNonExemptEncryption = NO;
				INFOPLIST_KEY_LSApplicationCategoryType = "public.app-category.utilities";
				"INFOPLIST_KEY_UIApplicationSceneManifest_Generation[sdk=iphoneos*]" = YES;
				"INFOPLIST_KEY_UIApplicationSceneManifest_Generation[sdk=iphonesimulator*]" = YES;
				"INFOPLIST_KEY_UIApplicationSupportsIndirectInputEvents[sdk=iphoneos*]" = YES;
				"INFOPLIST_KEY_UIApplicationSupportsIndirectInputEvents[sdk=iphonesimulator*]" = YES;
				"INFOPLIST_KEY_UILaunchScreen_Generation[sdk=iphoneos*]" = YES;
				"INFOPLIST_KEY_UILaunchScreen_Generation[sdk=iphonesimulator*]" = YES;
				INFOPLIST_KEY_UILaunchStoryboardName = LaunchScreen.storyboard;
				"INFOPLIST_KEY_UIStatusBarStyle[sdk=iphoneos*]" = UIStatusBarStyleDefault;
				"INFOPLIST_KEY_UIStatusBarStyle[sdk=iphonesimulator*]" = UIStatusBarStyleDefault;
				INFOPLIST_KEY_UISupportedInterfaceOrientations_iPad = "UIInterfaceOrientationPortrait UIInterfaceOrientationPortraitUpsideDown UIInterfaceOrientationLandscapeLeft UIInterfaceOrientationLandscapeRight";
				INFOPLIST_KEY_UISupportedInterfaceOrientations_iPhone = "UIInterfaceOrientationPortrait UIInterfaceOrientationLandscapeLeft UIInterfaceOrientationLandscapeRight";
				IPHONEOS_DEPLOYMENT_TARGET = 18.0;
				LD_RUNPATH_SEARCH_PATHS = "@executable_path/Frameworks";
				"LD_RUNPATH_SEARCH_PATHS[sdk=macosx*]" = "@executable_path/../Frameworks";
				LOCALIZATION_PREFERS_STRING_CATALOGS = YES;
				MACOSX_DEPLOYMENT_TARGET = 15.0;
				MARKETING_VERSION = "$(VERSION)";
				PRODUCT_BUNDLE_IDENTIFIER = "com.stefanvd.Turn-Off-the-Lights-for-Safari";
				PRODUCT_NAME = "$(TARGET_NAME)";
				REGISTER_APP_GROUPS = YES;
				SDKROOT = auto;
				STRING_CATALOG_GENERATE_SYMBOLS = YES;
				SUPPORTED_PLATFORMS = "iphoneos iphonesimulator macosx xros xrsimulator";
				SWIFT_ACTIVE_COMPILATION_CONDITIONS = "DEBUG $(inherited)";
				SWIFT_APPROACHABLE_CONCURRENCY = YES;
				SWIFT_DEFAULT_ACTOR_ISOLATION = MainActor;
				SWIFT_EMIT_LOC_STRINGS = YES;
				SWIFT_UPCOMING_FEATURE_MEMBER_IMPORT_VISIBILITY = YES;
				SWIFT_VERSION = 5.0;
				TARGETED_DEVICE_FAMILY = "1,2,7";
				XROS_DEPLOYMENT_TARGET = 26.0;
			};
			name = Debug;
		};
		1E7AC6C42E34E105000AD93D /* Release */ = {
			isa = XCBuildConfiguration;
			baseConfigurationReference = 1E6B0EA22CE5453B0064407B /* Config.xcconfig */;
			buildSettings = {
				ASSETCATALOG_COMPILER_APPICON_NAME = AppIcon;
				"ASSETCATALOG_COMPILER_APPICON_NAME[sdk=xr*]" = AppIconVision;
				ASSETCATALOG_COMPILER_GLOBAL_ACCENT_COLOR_NAME = AccentColor;
				CLANG_CXX_LANGUAGE_STANDARD = "gnu++20";
				CODE_SIGN_STYLE = Automatic;
				CURRENT_PROJECT_VERSION = "$(BUILD_NUMBER)";
				DEVELOPMENT_TEAM = PRR97757HF;
				ENABLE_APP_SANDBOX = YES;
				ENABLE_HARDENED_RUNTIME = YES;
				ENABLE_INCOMING_NETWORK_CONNECTIONS = NO;
				ENABLE_OUTGOING_NETWORK_CONNECTIONS = YES;
				ENABLE_PREVIEWS = YES;
				ENABLE_RESOURCE_ACCESS_AUDIO_INPUT = NO;
				ENABLE_RESOURCE_ACCESS_BLUETOOTH = NO;
				ENABLE_RESOURCE_ACCESS_CALENDARS = NO;
				ENABLE_RESOURCE_ACCESS_CAMERA = NO;
				ENABLE_RESOURCE_ACCESS_CONTACTS = NO;
				ENABLE_RESOURCE_ACCESS_LOCATION = NO;
				ENABLE_RESOURCE_ACCESS_PRINTING = NO;
				ENABLE_RESOURCE_ACCESS_USB = NO;
				ENABLE_USER_SCRIPT_SANDBOXING = YES;
				GCC_C_LANGUAGE_STANDARD = gnu17;
				GENERATE_INFOPLIST_FILE = YES;
				INFOPLIST_FILE = iOS/Info.plist;
				INFOPLIST_KEY_CFBundleDisplayName = "Turn Off the Lights for Safari";
				INFOPLIST_KEY_ITSAppUsesNonExemptEncryption = NO;
				INFOPLIST_KEY_LSApplicationCategoryType = "public.app-category.utilities";
				"INFOPLIST_KEY_UIApplicationSceneManifest_Generation[sdk=iphoneos*]" = YES;
				"INFOPLIST_KEY_UIApplicationSceneManifest_Generation[sdk=iphonesimulator*]" = YES;
				"INFOPLIST_KEY_UIApplicationSupportsIndirectInputEvents[sdk=iphoneos*]" = YES;
				"INFOPLIST_KEY_UIApplicationSupportsIndirectInputEvents[sdk=iphonesimulator*]" = YES;
				"INFOPLIST_KEY_UILaunchScreen_Generation[sdk=iphoneos*]" = YES;
				"INFOPLIST_KEY_UILaunchScreen_Generation[sdk=iphonesimulator*]" = YES;
				INFOPLIST_KEY_UILaunchStoryboardName = LaunchScreen.storyboard;
				"INFOPLIST_KEY_UIStatusBarStyle[sdk=iphoneos*]" = UIStatusBarStyleDefault;
				"INFOPLIST_KEY_UIStatusBarStyle[sdk=iphonesimulator*]" = UIStatusBarStyleDefault;
				INFOPLIST_KEY_UISupportedInterfaceOrientations_iPad = "UIInterfaceOrientationPortrait UIInterfaceOrientationPortraitUpsideDown UIInterfaceOrientationLandscapeLeft UIInterfaceOrientationLandscapeRight";
				INFOPLIST_KEY_UISupportedInterfaceOrientations_iPhone = "UIInterfaceOrientationPortrait UIInterfaceOrientationLandscapeLeft UIInterfaceOrientationLandscapeRight";
				IPHONEOS_DEPLOYMENT_TARGET = 18.0;
				LD_RUNPATH_SEARCH_PATHS = "@executable_path/Frameworks";
				"LD_RUNPATH_SEARCH_PATHS[sdk=macosx*]" = "@executable_path/../Frameworks";
				LOCALIZATION_PREFERS_STRING_CATALOGS = YES;
				MACOSX_DEPLOYMENT_TARGET = 15.0;
				MARKETING_VERSION = "$(VERSION)";
				PRODUCT_BUNDLE_IDENTIFIER = "com.stefanvd.Turn-Off-the-Lights-for-Safari";
				PRODUCT_NAME = "$(TARGET_NAME)";
				REGISTER_APP_GROUPS = YES;
				SDKROOT = auto;
				STRING_CATALOG_GENERATE_SYMBOLS = YES;
				SUPPORTED_PLATFORMS = "iphoneos iphonesimulator macosx xros xrsimulator";
				SWIFT_APPROACHABLE_CONCURRENCY = YES;
				SWIFT_DEFAULT_ACTOR_ISOLATION = MainActor;
				SWIFT_EMIT_LOC_STRINGS = YES;
				SWIFT_UPCOMING_FEATURE_MEMBER_IMPORT_VISIBILITY = YES;
				SWIFT_VERSION = 5.0;
				TARGETED_DEVICE_FAMILY = "1,2,7";
				XROS_DEPLOYMENT_TARGET = 26.0;
			};
			name = Release;
		};
		1E9C58602E9419750018DFB0 /* Debug */ = {
			isa = XCBuildConfiguration;
			baseConfigurationReference = 1E6B0EA22CE5453B0064407B /* Config.xcconfig */;
			buildSettings = {
				ASSETCATALOG_COMPILER_APPICON_NAME = AppIcon;
				ASSETCATALOG_COMPILER_GLOBAL_ACCENT_COLOR_NAME = AccentColor;
				CLANG_CXX_LANGUAGE_STANDARD = "gnu++20";
				CODE_SIGN_STYLE = Automatic;
				COMBINE_HIDPI_IMAGES = YES;
				CURRENT_PROJECT_VERSION = "$(BUILD_NUMBER)";
				DEVELOPMENT_TEAM = PRR97757HF;
				ENABLE_APP_SANDBOX = YES;
				ENABLE_HARDENED_RUNTIME = YES;
				ENABLE_INCOMING_NETWORK_CONNECTIONS = NO;
				ENABLE_OUTGOING_NETWORK_CONNECTIONS = YES;
				ENABLE_PREVIEWS = YES;
				ENABLE_RESOURCE_ACCESS_AUDIO_INPUT = NO;
				ENABLE_RESOURCE_ACCESS_BLUETOOTH = NO;
				ENABLE_RESOURCE_ACCESS_CALENDARS = NO;
				ENABLE_RESOURCE_ACCESS_CAMERA = NO;
				ENABLE_RESOURCE_ACCESS_CONTACTS = NO;
				ENABLE_RESOURCE_ACCESS_LOCATION = NO;
				ENABLE_RESOURCE_ACCESS_PRINTING = NO;
				ENABLE_RESOURCE_ACCESS_USB = NO;
				ENABLE_USER_SCRIPT_SANDBOXING = YES;
				GCC_C_LANGUAGE_STANDARD = gnu17;
				GENERATE_INFOPLIST_FILE = YES;
				INFOPLIST_FILE = macOS/Info.plist;
				INFOPLIST_KEY_CFBundleDisplayName = "Turn Off the Lights for Safari";
				INFOPLIST_KEY_ITSAppUsesNonExemptEncryption = NO;
				INFOPLIST_KEY_LSApplicationCategoryType = "public.app-category.utilities";
				INFOPLIST_KEY_NSHumanReadableCopyright = "";
				LD_RUNPATH_SEARCH_PATHS = (
					"$(inherited)",
					"@executable_path/../Frameworks",
				);
				LOCALIZATION_PREFERS_STRING_CATALOGS = YES;
				MACOSX_DEPLOYMENT_TARGET = 15.0;
				MARKETING_VERSION = "$(VERSION)";
				PRODUCT_BUNDLE_IDENTIFIER = "com.stefanvd.Turn-Off-the-Lights-for-Safari";
				PRODUCT_NAME = "Turn Off the Lights for Safari";
				REGISTER_APP_GROUPS = YES;
				SDKROOT = macosx;
				STRING_CATALOG_GENERATE_SYMBOLS = YES;
				SWIFT_ACTIVE_COMPILATION_CONDITIONS = "DEBUG $(inherited)";
				SWIFT_APPROACHABLE_CONCURRENCY = YES;
				SWIFT_DEFAULT_ACTOR_ISOLATION = MainActor;
				SWIFT_EMIT_LOC_STRINGS = YES;
				SWIFT_UPCOMING_FEATURE_MEMBER_IMPORT_VISIBILITY = YES;
				SWIFT_VERSION = 5.0;
			};
			name = Debug;
		};
		1E9C58612E9419750018DFB0 /* Release */ = {
			isa = XCBuildConfiguration;
			baseConfigurationReference = 1E6B0EA22CE5453B0064407B /* Config.xcconfig */;
			buildSettings = {
				ASSETCATALOG_COMPILER_APPICON_NAME = AppIcon;
				ASSETCATALOG_COMPILER_GLOBAL_ACCENT_COLOR_NAME = AccentColor;
				CLANG_CXX_LANGUAGE_STANDARD = "gnu++20";
				CODE_SIGN_STYLE = Automatic;
				COMBINE_HIDPI_IMAGES = YES;
				CURRENT_PROJECT_VERSION = "$(BUILD_NUMBER)";
				DEVELOPMENT_TEAM = PRR97757HF;
				ENABLE_APP_SANDBOX = YES;
				ENABLE_HARDENED_RUNTIME = YES;
				ENABLE_INCOMING_NETWORK_CONNECTIONS = NO;
				ENABLE_OUTGOING_NETWORK_CONNECTIONS = YES;
				ENABLE_PREVIEWS = YES;
				ENABLE_RESOURCE_ACCESS_AUDIO_INPUT = NO;
				ENABLE_RESOURCE_ACCESS_BLUETOOTH = NO;
				ENABLE_RESOURCE_ACCESS_CALENDARS = NO;
				ENABLE_RESOURCE_ACCESS_CAMERA = NO;
				ENABLE_RESOURCE_ACCESS_CONTACTS = NO;
				ENABLE_RESOURCE_ACCESS_LOCATION = NO;
				ENABLE_RESOURCE_ACCESS_PRINTING = NO;
				ENABLE_RESOURCE_ACCESS_USB = NO;
				ENABLE_USER_SCRIPT_SANDBOXING = YES;
				GCC_C_LANGUAGE_STANDARD = gnu17;
				GENERATE_INFOPLIST_FILE = YES;
				INFOPLIST_FILE = macOS/Info.plist;
				INFOPLIST_KEY_CFBundleDisplayName = "Turn Off the Lights for Safari";
				INFOPLIST_KEY_ITSAppUsesNonExemptEncryption = NO;
				INFOPLIST_KEY_LSApplicationCategoryType = "public.app-category.utilities";
				INFOPLIST_KEY_NSHumanReadableCopyright = "";
				LD_RUNPATH_SEARCH_PATHS = (
					"$(inherited)",
					"@executable_path/../Frameworks",
				);
				LOCALIZATION_PREFERS_STRING_CATALOGS = YES;
				MACOSX_DEPLOYMENT_TARGET = 15.0;
				MARKETING_VERSION = "$(VERSION)";
				PRODUCT_BUNDLE_IDENTIFIER = "com.stefanvd.Turn-Off-the-Lights-for-Safari";
				PRODUCT_NAME = "Turn Off the Lights for Safari";
				REGISTER_APP_GROUPS = YES;
				SDKROOT = macosx;
				STRING_CATALOG_GENERATE_SYMBOLS = YES;
				SWIFT_APPROACHABLE_CONCURRENCY = YES;
				SWIFT_DEFAULT_ACTOR_ISOLATION = MainActor;
				SWIFT_EMIT_LOC_STRINGS = YES;
				SWIFT_UPCOMING_FEATURE_MEMBER_IMPORT_VISIBILITY = YES;
				SWIFT_VERSION = 5.0;
			};
			name = Release;
		};
/* End XCBuildConfiguration section */

/* Begin XCConfigurationList section */
		1E4CB210268CC77900015282 /* Build configuration list for PBXNativeTarget "TOtL-iOS-UITest" */ = {
			isa = XCConfigurationList;
			buildConfigurations = (
				1E4CB211268CC77900015282 /* Debug */,
				1E4CB212268CC77900015282 /* Release */,
			);
			defaultConfigurationIsVisible = 0;
			defaultConfigurationName = Release;
		};
		1E4CB237268CDC6D00015282 /* Build configuration list for PBXNativeTarget "TOtL-iOS-test" */ = {
			isa = XCConfigurationList;
			buildConfigurations = (
				1E4CB238268CDC6D00015282 /* Debug */,
				1E4CB239268CDC6D00015282 /* Release */,
			);
			defaultConfigurationIsVisible = 0;
			defaultConfigurationName = Release;
		};
		1E70C9E726726F350064A939 /* Build configuration list for PBXProject "Turn Off the Lights for Safari" */ = {
			isa = XCConfigurationList;
			buildConfigurations = (
				1E70CA3426726F380064A939 /* Debug */,
				1E70CA3526726F380064A939 /* Release */,
			);
			defaultConfigurationIsVisible = 0;
			defaultConfigurationName = Release;
		};
		1E70CA3626726F380064A939 /* Build configuration list for PBXNativeTarget "Turn Off the Lights for Safari Extension iOS" */ = {
			isa = XCConfigurationList;
			buildConfigurations = (
				1E70CA3726726F380064A939 /* Debug */,
				1E70CA3826726F380064A939 /* Release */,
			);
			defaultConfigurationIsVisible = 0;
			defaultConfigurationName = Release;
		};
		1E70CA3D26726F380064A939 /* Build configuration list for PBXNativeTarget "Turn Off the Lights for Safari Extension macOS" */ = {
			isa = XCConfigurationList;
			buildConfigurations = (
				1E70CA3E26726F380064A939 /* Debug */,
				1E70CA3F26726F380064A939 /* Release */,
			);
			defaultConfigurationIsVisible = 0;
			defaultConfigurationName = Release;
		};
		1E7AC6C52E34E105000AD93D /* Build configuration list for PBXNativeTarget "Turn Off the Lights for Safari iOS" */ = {
			isa = XCConfigurationList;
			buildConfigurations = (
				1E7AC6C32E34E105000AD93D /* Debug */,
				1E7AC6C42E34E105000AD93D /* Release */,
			);
			defaultConfigurationIsVisible = 0;
			defaultConfigurationName = Release;
		};
		1E9C58622E9419750018DFB0 /* Build configuration list for PBXNativeTarget "Turn Off the Lights for Safari macOS" */ = {
			isa = XCConfigurationList;
			buildConfigurations = (
				1E9C58602E9419750018DFB0 /* Debug */,
				1E9C58612E9419750018DFB0 /* Release */,
			);
			defaultConfigurationIsVisible = 0;
			defaultConfigurationName = Release;
		};
/* End XCConfigurationList section */
	};
	rootObject = 1E70C9E426726F350064A939 /* Project object */;
}
